github.com/aqin97/rabbitmq v0.0.0-20220629120823-b2a60d8057e0 h1:jK1XNSVOxw2WD62LBizxJYOYDIGpfrv2WHDU1ADA6CA=
github.com/aqin97/rabbitmq v0.0.0-20220629120823-b2a60d8057e0/go.mod h1:htdSprFfMWF+VNa5hlFoyU45Xc/c1esQylJgp2lIbUc=
github.com/klauspost/cpuid/v2 v2.1.1 h1:t0wUqjowdm8ezddV5k0tLWVklVuvLJpoHeb4WBdydm0=
github.com/klauspost/cpuid/v2 v2.1.1/go.mod h1:RVVoqg1df56z8g3pUjL/3lE5UfnlrJX8tyFgg4nqhuY=
github.com/klauspost/reedsolomon v1.11.0 h1:fc24kMFf4I6dXJwSkVAsw8Za/dMcJrV5ImeDjG3ss1M=
github.com/klauspost/reedsolomon v1.11.0/go.mod h1:FXLZzlJIdfqEnQLdUKWNRuMZg747hZ4oYp2Ml60Lb/k=
github.com/streadway/amqp v1.0.0 h1:kuuDrUJFZL1QYL9hUNuCxNObNzB0bV/ZG5jV3RWAQgo=
github.com/streadway/amqp v1.0.0/go.mod h1:AZpEONHx3DKn8O/DFsRAY58/XVQiIPMTMB1SddzLXVw=
golang.org/x/sys v0.0.0-20220704084225-05e143d24a9e h1:CsOuNlbOuf0mzxJIefr6Q4uAUetRUwZE4qt7VfzP+xo=
golang.org/x/sys v0.0.0-20220704084225-05e143d24a9e/go.mod h1:oPkhp1MJrh7nUepCBck5+mAzfO9JrbApNNgaTdGDITg=
